
Microsoft Visual Studio Solution File, Format Version 12.00
# Visual Studio Version 17
VisualStudioVersion = 17.7.34202.233
MinimumVisualStudioVersion = 10.0.40219.1
Project("{9A19103F-16F7-4668-BE54-9A1E7A4F7556}") = "CathaybkHW", "CathaybkHW\CathaybkHW.csproj", "{3F1ACB2D-DD93-4F06-8CD8-09284564C28F}"
EndProject
Project("{9A19103F-16F7-4668-BE54-9A1E7A4F7556}") = "CathaybkHW.Infrastructure", "CathaybkHW.Infrastructure\CathaybkHW.Infrastructure.csproj", "{D79A70EC-5E85-41F2-9F32-12202166955D}"
EndProject
Project("{9A19103F-16F7-4668-BE54-9A1E7A4F7556}") = "CathaybkHW.Infrastructure.Test", "CathaybkHW.Infrastructure.Test\CathaybkHW.Infrastructure.Test.csproj", "{97EBC059-A105-4264-B6CD-6B7BA745E14D}"
EndProject
Project("{9A19103F-16F7-4668-BE54-9A1E7A4F7556}") = "CathaybkHW.Domain", "CathaybkHW.Domain\CathaybkHW.Domain.csproj", "{47284CB4-A283-4697-B961-9AB0177758B8}"
EndProject
Project("{FAE04EC0-301F-11D3-BF4B-00C04F79EFBC}") = "CathaybkHW.Application", "CathaybkHW.Application\CathaybkHW.Application.csproj", "{B3024935-6B91-40EE-9CB1-DEE76F6C5B5F}"
EndProject
Project("{FAE04EC0-301F-11D3-BF4B-00C04F79EFBC}") = "CathaybkHW.Application.Test", "CathaybkHW.Application.Test\CathaybkHW.Application.Test.csproj", "{8DB8BD00-8290-4909-AF8D-0C7FE81506A8}"
EndProject
Global
	GlobalSection(SolutionConfigurationPlatforms) = preSolution
		Debug|Any CPU = Debug|Any CPU
		Release|Any CPU = Release|Any CPU
	EndGlobalSection
	GlobalSection(ProjectConfigurationPlatforms) = postSolution
		{3F1ACB2D-DD93-4F06-8CD8-09284564C28F}.Debug|Any CPU.ActiveCfg = Debug|Any CPU
		{3F1ACB2D-DD93-4F06-8CD8-09284564C28F}.Debug|Any CPU.Build.0 = Debug|Any CPU
		{3F1ACB2D-DD93-4F06-8CD8-09284564C28F}.Release|Any CPU.ActiveCfg = Release|Any CPU
		{3F1ACB2D-DD93-4F06-8CD8-09284564C28F}.Release|Any CPU.Build.0 = Release|Any CPU
		{D79A70EC-5E85-41F2-9F32-12202166955D}.Debug|Any CPU.ActiveCfg = Debug|Any CPU
		{D79A70EC-5E85-41F2-9F32-12202166955D}.Debug|Any CPU.Build.0 = Debug|Any CPU
		{D79A70EC-5E85-41F2-9F32-12202166955D}.Release|Any CPU.ActiveCfg = Release|Any CPU
		{D79A70EC-5E85-41F2-9F32-12202166955D}.Release|Any CPU.Build.0 = Release|Any CPU
		{97EBC059-A105-4264-B6CD-6B7BA745E14D}.Debug|Any CPU.ActiveCfg = Debug|Any CPU
		{97EBC059-A105-4264-B6CD-6B7BA745E14D}.Debug|Any CPU.Build.0 = Debug|Any CPU
		{97EBC059-A105-4264-B6CD-6B7BA745E14D}.Release|Any CPU.ActiveCfg = Release|Any CPU
		{97EBC059-A105-4264-B6CD-6B7BA745E14D}.Release|Any CPU.Build.0 = Release|Any CPU
		{47284CB4-A283-4697-B961-9AB0177758B8}.Debug|Any CPU.ActiveCfg = Debug|Any CPU
		{47284CB4-A283-4697-B961-9AB0177758B8}.Debug|Any CPU.Build.0 = Debug|Any CPU
		{47284CB4-A283-4697-B961-9AB0177758B8}.Release|Any CPU.ActiveCfg = Release|Any CPU
		{47284CB4-A283-4697-B961-9AB0177758B8}.Release|Any CPU.Build.0 = Release|Any CPU
		{B3024935-6B91-40EE-9CB1-DEE76F6C5B5F}.Debug|Any CPU.ActiveCfg = Debug|Any CPU
		{B3024935-6B91-40EE-9CB1-DEE76F6C5B5F}.Debug|Any CPU.Build.0 = Debug|Any CPU
		{B3024935-6B91-40EE-9CB1-DEE76F6C5B5F}.Release|Any CPU.ActiveCfg = Release|Any CPU
		{B3024935-6B91-40EE-9CB1-DEE76F6C5B5F}.Release|Any CPU.Build.0 = Release|Any CPU
		{8DB8BD00-8290-4909-AF8D-0C7FE81506A8}.Debug|Any CPU.ActiveCfg = Debug|Any CPU
		{8DB8BD00-8290-4909-AF8D-0C7FE81506A8}.Debug|Any CPU.Build.0 = Debug|Any CPU
		{8DB8BD00-8290-4909-AF8D-0C7FE81506A8}.Release|Any CPU.ActiveCfg = Release|Any CPU
		{8DB8BD00-8290-4909-AF8D-0C7FE81506A8}.Release|Any CPU.Build.0 = Release|Any CPU
	EndGlobalSection
	GlobalSection(SolutionProperties) = preSolution
		HideSolutionNode = FALSE
	EndGlobalSection
	GlobalSection(ExtensibilityGlobals) = postSolution
		SolutionGuid = {E08C9DDE-063B-4545-80A0-EBB43D813DF0}
	EndGlobalSection
EndGlobal
